// !$*UTF8*$!
{
	archiveVersion = 1;
	classes = {
	};
	objectVersion = 77;
	objects = {

/* Begin PBXContainerItemProxy section */
		4757E5B52D4E65FE00ECE881 /* PBXContainerItemProxy */ = {
			isa = PBXContainerItemProxy;
			containerPortal = 4757E5972D4E65FD00ECE881 /* Project object */;
			proxyType = 1;
			remoteGlobalIDString = 4757E59E2D4E65FD00ECE881;
			remoteInfo = "Scrum Helper";
		};
		4757E5BF2D4E65FE00ECE881 /* PBXContainerItemProxy */ = {
			isa = PBXContainerItemProxy;
			containerPortal = 4757E5972D4E65FD00ECE881 /* Project object */;
			proxyType = 1;
			remoteGlobalIDString = 4757E59E2D4E65FD00ECE881;
			remoteInfo = "Scrum Helper";
		};
/* End PBXContainerItemProxy section */

/* Begin PBXFileReference section */
		4757E59F2D4E65FD00ECE881 /* Scrum Helper.app */ = {isa = PBXFileReference; explicitFileType = wrapper.application; includeInIndex = 0; path = "Scrum Helper.app"; sourceTree = BUILT_PRODUCTS_DIR; };
		4757E5B42D4E65FE00ECE881 /* Scrum HelperTests.xctest */ = {isa = PBXFileReference; explicitFileType = wrapper.cfbundle; includeInIndex = 0; path = "Scrum HelperTests.xctest"; sourceTree = BUILT_PRODUCTS_DIR; };
		4757E5BE2D4E65FE00ECE881 /* Scrum HelperUITests.xctest */ = {isa = PBXFileReference; explicitFileType = wrapper.cfbundle; includeInIndex = 0; path = "Scrum HelperUITests.xctest"; sourceTree = BUILT_PRODUCTS_DIR; };
/* End PBXFileReference section */

/* Begin PBXFileSystemSynchronizedRootGroup section */
		4757E5A12D4E65FD00ECE881 /* Scrum Helper */ = {
			isa = PBXFileSystemSynchronizedRootGroup;
			path = "Scrum Helper";
			sourceTree = "<group>";
		};
		4757E5B72D4E65FE00ECE881 /* Scrum HelperTests */ = {
			isa = PBXFileSystemSynchronizedRootGroup;
			path = "Scrum HelperTests";
			sourceTree = "<group>";
		};
		4757E5C12D4E65FE00ECE881 /* Scrum HelperUITests */ = {
			isa = PBXFileSystemSynchronizedRootGroup;
			path = "Scrum HelperUITests";
			sourceTree = "<group>";
		};
/* End PBXFileSystemSynchronizedRootGroup section */

/* Begin PBXFrameworksBuildPhase section */
		4757E59C2D4E65FD00ECE881 /* Frameworks */ = {
			isa = PBXFrameworksBuildPhase;
			buildActionMask = 2147483647;
			files = (
			);
			runOnlyForDeploymentPostprocessing = 0;
		};
		4757E5B12D4E65FE00ECE881 /* Frameworks */ = {
			isa = PBXFrameworksBuildPhase;
			buildActionMask = 2147483647;
			files = (
			);
			runOnlyForDeploymentPostprocessing = 0;
		};
		4757E5BB2D4E65FE00ECE881 /* Frameworks */ = {
			isa = PBXFrameworksBuildPhase;
			buildActionMask = 2147483647;
			files = (
			);
			runOnlyForDeploymentPostprocessing = 0;
		};
/* End PBXFrameworksBuildPhase section */

/* Begin PBXGroup section */
		4757E5962D4E65FD00ECE881 = {
			isa = PBXGroup;
			children = (
				4757E5A12D4E65FD00ECE881 /* Scrum Helper */,
				4757E5B72D4E65FE00ECE881 /* Scrum HelperTests */,
				4757E5C12D4E65FE00ECE881 /* Scrum HelperUITests */,
				4757E5A02D4E65FD00ECE881 /* Products */,
			);
			sourceTree = "<group>";
		};
		4757E5A02D4E65FD00ECE881 /* Products */ = {
			isa = PBXGroup;
			children = (
				4757E59F2D4E65FD00ECE881 /* Scrum Helper.app */,
				4757E5B42D4E65FE00ECE881 /* Scrum HelperTests.xctest */,
				4757E5BE2D4E65FE00ECE881 /* Scrum HelperUITests.xctest */,
			);
			name = Products;
			sourceTree = "<group>";
		};
/* End PBXGroup section */

/* Begin PBXNativeTarget section */
		4757E59E2D4E65FD00ECE881 /* Scrum Helper */ = {
			isa = PBXNativeTarget;
			buildConfigurationList = 4757E5C82D4E65FE00ECE881 /* Build configuration list for PBXNativeTarget "Scrum Helper" */;
			buildPhases = (
				4757E59B2D4E65FD00ECE881 /* Sources */,
				4757E59C2D4E65FD00ECE881 /* Frameworks */,
				4757E59D2D4E65FD00ECE881 /* Resources */,
			);
			buildRules = (
			);
			dependencies = (
			);
			fileSystemSynchronizedGroups = (
				4757E5A12D4E65FD00ECE881 /* Scrum Helper */,
			);
			name = "Scrum Helper";
			packageProductDependencies = (
			);
			productName = "Scrum Helper";
			productReference = 4757E59F2D4E65FD00ECE881 /* Scrum Helper.app */;
			productType = "com.apple.product-type.application";
		};
		4757E5B32D4E65FE00ECE881 /* Scrum HelperTests */ = {
			isa = PBXNativeTarget;
			buildConfigurationList = 4757E5CB2D4E65FE00ECE881 /* Build configuration list for PBXNativeTarget "Scrum HelperTests" */;
			buildPhases = (
				4757E5B02D4E65FE00ECE881 /* Sources */,
				4757E5B12D4E65FE00ECE881 /* Frameworks */,
				4757E5B22D4E65FE00ECE881 /* Resources */,
			);
			buildRules = (
			);
			dependencies = (
				4757E5B62D4E65FE00ECE881 /* PBXTargetDependency */,
			);
			fileSystemSynchronizedGroups = (
				4757E5B72D4E65FE00ECE881 /* Scrum HelperTests */,
			);
			name = "Scrum HelperTests";
			packageProductDependencies = (
			);
			productName = "Scrum HelperTests";
			productReference = 4757E5B42D4E65FE00ECE881 /* Scrum HelperTests.xctest */;
			productType = "com.apple.product-type.bundle.unit-test";
		};
		4757E5BD2D4E65FE00ECE881 /* Scrum HelperUITests */ = {
			isa = PBXNativeTarget;
			buildConfigurationList = 4757E5CE2D4E65FE00ECE881 /* Build configuration list for PBXNativeTarget "Scrum HelperUITests" */;
			buildPhases = (
				4757E5BA2D4E65FE00ECE881 /* Sources */,
				4757E5BB2D4E65FE00ECE881 /* Frameworks */,
				4757E5BC2D4E65FE00ECE881 /* Resources */,
			);
			buildRules = (
			);
			dependencies = (
				4757E5C02D4E65FE00ECE881 /* PBXTargetDependency */,
			);
			fileSystemSynchronizedGroups = (
				4757E5C12D4E65FE00ECE881 /* Scrum HelperUITests */,
			);
			name = "Scrum HelperUITests";
			packageProductDependencies = (
			);
			productName = "Scrum HelperUITests";
			productReference = 4757E5BE2D4E65FE00ECE881 /* Scrum HelperUITests.xctest */;
			productType = "com.apple.product-type.bundle.ui-testing";
		};
/* End PBXNativeTarget section */

/* Begin PBXProject section */
		4757E5972D4E65FD00ECE881 /* Project object */ = {
			isa = PBXProject;
			attributes = {
				BuildIndependentTargetsInParallel = 1;
				LastSwiftUpdateCheck = 1600;
				LastUpgradeCheck = 1600;
				TargetAttributes = {
					4757E59E2D4E65FD00ECE881 = {
						CreatedOnToolsVersion = 16.0;
					};
					4757E5B32D4E65FE00ECE881 = {
						CreatedOnToolsVersion = 16.0;
						TestTargetID = 4757E59E2D4E65FD00ECE881;
					};
					4757E5BD2D4E65FE00ECE881 = {
						CreatedOnToolsVersion = 16.0;
						TestTargetID = 4757E59E2D4E65FD00ECE881;
					};
				};
			};
			buildConfigurationList = 4757E59A2D4E65FD00ECE881 /* Build configuration list for PBXProject "Scrum Helper" */;
			developmentRegion = en;
			hasScannedForEncodings = 0;
			knownRegions = (
				en,
				Base,
			);
			mainGroup = 4757E5962D4E65FD00ECE881;
			minimizedProjectReferenceProxies = 1;
			packageReferences = (
			);
			preferredProjectObjectVersion = 77;
			productRefGroup = 4757E5A02D4E65FD00ECE881 /* Products */;
			projectDirPath = "";
			projectRoot = "";
			targets = (
				4757E59E2D4E65FD00ECE881 /* Scrum Helper */,
				4757E5B32D4E65FE00ECE881 /* Scrum HelperTests */,
				4757E5BD2D4E65FE00ECE881 /* Scrum HelperUITests */,
			);
		};
/* End PBXProject section */

/* Begin PBXResourcesBuildPhase section */
		4757E59D2D4E65FD00ECE881 /* Resources */ = {
			isa = PBXResourcesBuildPhase;
			buildActionMask = 2147483647;
			files = (
			);
			runOnlyForDeploymentPostprocessing = 0;
		};
		4757E5B22D4E65FE00ECE881 /* Resources */ = {
			isa = PBXResourcesBuildPhase;
			buildActionMask = 2147483647;
			files = (
			);
			runOnlyForDeploymentPostprocessing = 0;
		};
		4757E5BC2D4E65FE00ECE881 /* Resources */ = {
			isa = PBXResourcesBuildPhase;
			buildActionMask = 2147483647;
			files = (
			);
			runOnlyForDeploymentPostprocessing = 0;
		};
/* End PBXResourcesBuildPhase section */

/* Begin PBXSourcesBuildPhase section */
		4757E59B2D4E65FD00ECE881 /* Sources */ = {
			isa = PBXSourcesBuildPhase;
			buildActionMask = 2147483647;
			files = (
			);
			runOnlyForDeploymentPostprocessing = 0;
		};
		4757E5B02D4E65FE00ECE881 /* Sources */ = {
			isa = PBXSourcesBuildPhase;
			buildActionMask = 2147483647;
			files = (
			);
			runOnlyForDeploymentPostprocessing = 0;
		};
		4757E5BA2D4E65FE00ECE881 /* Sources */ = {
			isa = PBXSourcesBuildPhase;
			buildActionMask = 2147483647;
			files = (
			);
			runOnlyForDeploymentPostprocessing = 0;
		};
/* End PBXSourcesBuildPhase section */

/* Begin PBXTargetDependency section */
		4757E5B62D4E65FE00ECE881 /* PBXTargetDependency */ = {
			isa = PBXTargetDependency;
			target = 4757E59E2D4E65FD00ECE881 /* Scrum Helper */;
			targetProxy = 4757E5B52D4E65FE00ECE881 /* PBXContainerItemProxy */;
		};
		4757E5C02D4E65FE00ECE881 /* PBXTargetDependency */ = {
			isa = PBXTargetDependency;
			target = 4757E59E2D4E65FD00ECE881 /* Scrum Helper */;
			targetProxy = 4757E5BF2D4E65FE00ECE881 /* PBXContainerItemProxy */;
		};
/* End PBXTargetDependency section */

/* Begin XCBuildConfiguration section */
		4757E5C62D4E65FE00ECE881 /* Debug */ = {
			isa = XCBuildConfiguration;
			buildSettings = {
				ALWAYS_SEARCH_USER_PATHS = NO;
				ASSETCATALOG_COMPILER_GENERATE_SWIFT_ASSET_SYMBOL_EXTENSIONS = YES;
				CLANG_ANALYZER_NONNULL = YES;
				CLANG_ANALYZER_NUMBER_OBJECT_CONVERSION = YES_AGGRESSIVE;
				CLANG_CXX_LANGUAGE_STANDARD = "gnu++20";
				CLANG_ENABLE_MODULES = YES;
				CLANG_ENABLE_OBJC_ARC = YES;
				CLANG_ENABLE_OBJC_WEAK = YES;
				CLANG_WARN_BLOCK_CAPTURE_AUTORELEASING = YES;
				CLANG_WARN_BOOL_CONVERSION = YES;
				CLANG_WARN_COMMA = YES;
				CLANG_WARN_CONSTANT_CONVERSION = YES;
				CLANG_WARN_DEPRECATED_OBJC_IMPLEMENTATIONS = YES;
				CLANG_WARN_DIRECT_OBJC_ISA_USAGE = YES_ERROR;
				CLANG_WARN_DOCUMENTATION_COMMENTS = YES;
				CLANG_WARN_EMPTY_BODY = YES;
				CLANG_WARN_ENUM_CONVERSION = YES;
				CLANG_WARN_INFINITE_RECURSION = YES;
				CLANG_WARN_INT_CONVERSION = YES;
				CLANG_WARN_NON_LITERAL_NULL_CONVERSION = YES;
				CLANG_WARN_OBJC_IMPLICIT_RETAIN_SELF = YES;
				CLANG_WARN_OBJC_LITERAL_CONVERSION = YES;
				CLANG_WARN_OBJC_ROOT_CLASS = YES_ERROR;
				CLANG_WARN_QUOTED_INCLUDE_IN_FRAMEWORK_HEADER = YES;
				CLANG_WARN_RANGE_LOOP_ANALYSIS = YES;
				CLANG_WARN_STRICT_PROTOTYPES = YES;
				CLANG_WARN_SUSPICIOUS_MOVE = YES;
				CLANG_WARN_UNGUARDED_AVAILABILITY = YES_AGGRESSIVE;
				CLANG_WARN_UNREACHABLE_CODE = YES;
				CLANG_WARN__DUPLICATE_METHOD_MATCH = YES;
				COPY_PHASE_STRIP = NO;
				DEBUG_INFORMATION_FORMAT = dwarf;
				ENABLE_STRICT_OBJC_MSGSEND = YES;
				ENABLE_TESTABILITY = YES;
				ENABLE_USER_SCRIPT_SANDBOXING = YES;
				GCC_C_LANGUAGE_STANDARD = gnu17;
				GCC_DYNAMIC_NO_PIC = NO;
				GCC_NO_COMMON_BLOCKS = YES;
				GCC_OPTIMIZATION_LEVEL = 0;
				GCC_PREPROCESSOR_DEFINITIONS = (
					"DEBUG=1",
					"$(inherited)",
				);
				GCC_WARN_64_TO_32_BIT_CONVERSION = YES;
				GCC_WARN_ABOUT_RETURN_TYPE = YES_ERROR;
				GCC_WARN_UNDECLARED_SELECTOR = YES;
				GCC_WARN_UNINITIALIZED_AUTOS = YES_AGGRESSIVE;
				GCC_WARN_UNUSED_FUNCTION = YES;
				GCC_WARN_UNUSED_VARIABLE = YES;
				IPHONEOS_DEPLOYMENT_TARGET = 18.0;
				LOCALIZATION_PREFERS_STRING_CATALOGS = YES;
				MTL_ENABLE_DEBUG_INFO = INCLUDE_SOURCE;
				MTL_FAST_MATH = YES;
				ONLY_ACTIVE_ARCH = YES;
				SDKROOT = iphoneos;
				SWIFT_ACTIVE_COMPILATION_CONDITIONS = "DEBUG $(inherited)";
				SWIFT_OPTIMIZATION_LEVEL = "-Onone";
			};
			name = Debug;
		};
		4757E5C72D4E65FE00ECE881 /* Release */ = {
			isa = XCBuildConfiguration;
			buildSettings = {
				ALWAYS_SEARCH_USER_PATHS = NO;
				ASSETCATALOG_COMPILER_GENERATE_SWIFT_ASSET_SYMBOL_EXTENSIONS = YES;
				CLANG_ANALYZER_NONNULL = YES;
				CLANG_ANALYZER_NUMBER_OBJECT_CONVERSION = YES_AGGRESSIVE;
				CLANG_CXX_LANGUAGE_STANDARD = "gnu++20";
				CLANG_ENABLE_MODULES = YES;
				CLANG_ENABLE_OBJC_ARC = YES;
				CLANG_ENABLE_OBJC_WEAK = YES;
				CLANG_WARN_BLOCK_CAPTURE_AUTORELEASING = YES;
				CLANG_WARN_BOOL_CONVERSION = YES;
				CLANG_WARN_COMMA = YES;
				CLANG_WARN_CONSTANT_CONVERSION = YES;
				CLANG_WARN_DEPRECATED_OBJC_IMPLEMENTATIONS = YES;
				CLANG_WARN_DIRECT_OBJC_ISA_USAGE = YES_ERROR;
				CLANG_WARN_DOCUMENTATION_COMMENTS = YES;
				CLANG_WARN_EMPTY_BODY = YES;
				CLANG_WARN_ENUM_CONVERSION = YES;
				CLANG_WARN_INFINITE_RECURSION = YES;
				CLANG_WARN_INT_CONVERSION = YES;
				CLANG_WARN_NON_LITERAL_NULL_CONVERSION = YES;
				CLANG_WARN_OBJC_IMPLICIT_RETAIN_SELF = YES;
				CLANG_WARN_OBJC_LITERAL_CONVERSION = YES;
				CLANG_WARN_OBJC_ROOT_CLASS = YES_ERROR;
				CLANG_WARN_QUOTED_INCLUDE_IN_FRAMEWORK_HEADER = YES;
				CLANG_WARN_RANGE_LOOP_ANALYSIS = YES;
				CLANG_WARN_STRICT_PROTOTYPES = YES;
				CLANG_WARN_SUSPICIOUS_MOVE = YES;
				CLANG_WARN_UNGUARDED_AVAILABILITY = YES_AGGRESSIVE;
				CLANG_WARN_UNREACHABLE_CODE = YES;
				CLANG_WARN__DUPLICATE_METHOD_MATCH = YES;
				COPY_PHASE_STRIP = NO;
				DEBUG_INFORMATION_FORMAT = "dwarf-with-dsym";
				ENABLE_NS_ASSERTIONS = NO;
				ENABLE_STRICT_OBJC_MSGSEND = YES;
				ENABLE_USER_SCRIPT_SANDBOXING = YES;
				GCC_C_LANGUAGE_STANDARD = gnu17;
				GCC_NO_COMMON_BLOCKS = YES;
				GCC_WARN_64_TO_32_BIT_CONVERSION = YES;
				GCC_WARN_ABOUT_RETURN_TYPE = YES_ERROR;
				GCC_WARN_UNDECLARED_SELECTOR = YES;
				GCC_WARN_UNINITIALIZED_AUTOS = YES_AGGRESSIVE;
				GCC_WARN_UNUSED_FUNCTION = YES;
				GCC_WARN_UNUSED_VARIABLE = YES;
				IPHONEOS_DEPLOYMENT_TARGET = 18.0;
				LOCALIZATION_PREFERS_STRING_CATALOGS = YES;
				MTL_ENABLE_DEBUG_INFO = NO;
				MTL_FAST_MATH = YES;
				SDKROOT = iphoneos;
				SWIFT_COMPILATION_MODE = wholemodule;
				VALIDATE_PRODUCT = YES;
			};
			name = Release;
		};
		4757E5C92D4E65FE00ECE881 /* Debug */ = {
			isa = XCBuildConfiguration;
			buildSettings = {
				ASSETCATALOG_COMPILER_APPICON_NAME = AppIcon;
				ASSETCATALOG_COMPILER_GLOBAL_ACCENT_COLOR_NAME = AccentColor;
				CODE_SIGN_STYLE = Automatic;
				CURRENT_PROJECT_VERSION = 1;
				DEVELOPMENT_ASSET_PATHS = "\"Scrum Helper/Preview Content\"";
				DEVELOPMENT_TEAM = ZKKHUTGU2Q;
				ENABLE_PREVIEWS = YES;
				GENERATE_INFOPLIST_FILE = YES;
				INFOPLIST_KEY_UIApplicationSceneManifest_Generation = YES;
				INFOPLIST_KEY_UIApplicationSupportsIndirectInputEvents = YES;
				INFOPLIST_KEY_UILaunchScreen_Generation = YES;
				INFOPLIST_KEY_UISupportedInterfaceOrientations_iPad = "UIInterfaceOrientationPortrait UIInterfaceOrientationPortraitUpsideDown UIInterfaceOrientationLandscapeLeft UIInterfaceOrientationLandscapeRight";
				INFOPLIST_KEY_UISupportedInterfaceOrientations_iPhone = "UIInterfaceOrientationPortrait UIInterfaceOrientationLandscapeLeft UIInterfaceOrientationLandscapeRight";
				LD_RUNPATH_SEARCH_PATHS = (
					"$(inherited)",
					"@executable_path/Frameworks",
				);
				MARKETING_VERSION = 1.0;
				PRODUCT_BUNDLE_IDENTIFIER = "com.luck9r.scrum-helper";
				PRODUCT_NAME = "$(TARGET_NAME)";
				SWIFT_EMIT_LOC_STRINGS = YES;
				SWIFT_VERSION = 5.0;
				TARGETED_DEVICE_FAMILY = "1,2";
			};
			name = Debug;
		};
		4757E5CA2D4E65FE00ECE881 /* Release */ = {
			isa = XCBuildConfiguration;
			buildSettings = {
				ASSETCATALOG_COMPILER_APPICON_NAME = AppIcon;
				ASSETCATALOG_COMPILER_GLOBAL_ACCENT_COLOR_NAME = AccentColor;
				CODE_SIGN_STYLE = Automatic;
				CURRENT_PROJECT_VERSION = 1;
				DEVELOPMENT_ASSET_PATHS = "\"Scrum Helper/Preview Content\"";
				DEVELOPMENT_TEAM = ZKKHUTGU2Q;
				ENABLE_PREVIEWS = YES;
				GENERATE_INFOPLIST_FILE = YES;
				INFOPLIST_KEY_UIApplicationSceneManifest_Generation = YES;
				INFOPLIST_KEY_UIApplicationSupportsIndirectInputEvents = YES;
				INFOPLIST_KEY_UILaunchScreen_Generation = YES;
				INFOPLIST_KEY_UISupportedInterfaceOrientations_iPad = "UIInterfaceOrientationPortrait UIInterfaceOrientationPortraitUpsideDown UIInterfaceOrientationLandscapeLeft UIInterfaceOrientationLandscapeRight";
				INFOPLIST_KEY_UISupportedInterfaceOrientations_iPhone = "UIInterfaceOrientationPortrait UIInterfaceOrientationLandscapeLeft UIInterfaceOrientationLandscapeRight";
				LD_RUNPATH_SEARCH_PATHS = (
					"$(inherited)",
					"@executable_path/Frameworks",
				);
				MARKETING_VERSION = 1.0;
				PRODUCT_BUNDLE_IDENTIFIER = "com.luck9r.scrum-helper";
				PRODUCT_NAME = "$(TARGET_NAME)";
				SWIFT_EMIT_LOC_STRINGS = YES;
				SWIFT_VERSION = 5.0;
				TARGETED_DEVICE_FAMILY = "1,2";
			};
			name = Release;
		};
		4757E5CC2D4E65FE00ECE881 /* Debug */ = {
			isa = XCBuildConfiguration;
			buildSettings = {
				BUNDLE_LOADER = "$(TEST_HOST)";
				CODE_SIGN_STYLE = Automatic;
				CURRENT_PROJECT_VERSION = 1;
				DEVELOPMENT_TEAM = ZKKHUTGU2Q;
				GENERATE_INFOPLIST_FILE = YES;
				IPHONEOS_DEPLOYMENT_TARGET = 18.0;
				MARKETING_VERSION = 1.0;
				PRODUCT_BUNDLE_IDENTIFIER = "com.luck9r.Scrum-HelperTests";
				PRODUCT_NAME = "$(TARGET_NAME)";
				SWIFT_EMIT_LOC_STRINGS = NO;
				SWIFT_VERSION = 5.0;
				TARGETED_DEVICE_FAMILY = "1,2";
				TEST_HOST = "$(BUILT_PRODUCTS_DIR)/Scrum Helper.app/$(BUNDLE_EXECUTABLE_FOLDER_PATH)/Scrum Helper";
			};
			name = Debug;
		};
		4757E5CD2D4E65FE00ECE881 /* Release */ = {
			isa = XCBuildConfiguration;
			buildSettings = {
				BUNDLE_LOADER = "$(TEST_HOST)";
				CODE_SIGN_STYLE = Automatic;
				CURRENT_PROJECT_VERSION = 1;
				DEVELOPMENT_TEAM = ZKKHUTGU2Q;
				GENERATE_INFOPLIST_FILE = YES;
				IPHONEOS_DEPLOYMENT_TARGET = 18.0;
				MARKETING_VERSION = 1.0;
				PRODUCT_BUNDLE_IDENTIFIER = "com.luck9r.Scrum-HelperTests";
				PRODUCT_NAME = "$(TARGET_NAME)";
				SWIFT_EMIT_LOC_STRINGS = NO;
				SWIFT_VERSION = 5.0;
				TARGETED_DEVICE_FAMILY = "1,2";
				TEST_HOST = "$(BUILT_PRODUCTS_DIR)/Scrum Helper.app/$(BUNDLE_EXECUTABLE_FOLDER_PATH)/Scrum Helper";
			};
			name = Release;
		};
		4757E5CF2D4E65FE00ECE881 /* Debug */ = {
			isa = XCBuildConfiguration;
			buildSettings = {
				CODE_SIGN_STYLE = Automatic;
				CURRENT_PROJECT_VERSION = 1;
				DEVELOPMENT_TEAM = ZKKHUTGU2Q;
				GENERATE_INFOPLIST_FILE = YES;
				MARKETING_VERSION = 1.0;
				PRODUCT_BUNDLE_IDENTIFIER = "com.luck9r.Scrum-HelperUITests";
				PRODUCT_NAME = "$(TARGET_NAME)";
				SWIFT_EMIT_LOC_STRINGS = NO;
				SWIFT_VERSION = 5.0;
				TARGETED_DEVICE_FAMILY = "1,2";
				TEST_TARGET_NAME = "Scrum Helper";
			};
			name = Debug;
		};
		4757E5D02D4E65FE00ECE881 /* Release */ = {
			isa = XCBuildConfiguration;
			buildSettings = {
				CODE_SIGN_STYLE = Automatic;
				CURRENT_PROJECT_VERSION = 1;
				DEVELOPMENT_TEAM = ZKKHUTGU2Q;
				GENERATE_INFOPLIST_FILE = YES;
				MARKETING_VERSION = 1.0;
				PRODUCT_BUNDLE_IDENTIFIER = "com.luck9r.Scrum-HelperUITests";
				PRODUCT_NAME = "$(TARGET_NAME)";
				SWIFT_EMIT_LOC_STRINGS = NO;
				SWIFT_VERSION = 5.0;
				TARGETED_DEVICE_FAMILY = "1,2";
				TEST_TARGET_NAME = "Scrum Helper";
			};
			name = Release;
		};
/* End XCBuildConfiguration section */

/* Begin XCConfigurationList section */
		4757E59A2D4E65FD00ECE881 /* Build configuration list for PBXProject "Scrum Helper" */ = {
			isa = XCConfigurationList;
			buildConfigurations = (
				4757E5C62D4E65FE00ECE881 /* Debug */,
				4757E5C72D4E65FE00ECE881 /* Release */,
			);
			defaultConfigurationIsVisible = 0;
			defaultConfigurationName = Release;
		};
		4757E5C82D4E65FE00ECE881 /* Build configuration list for PBXNativeTarget "Scrum Helper" */ = {
			isa = XCConfigurationList;
			buildConfigurations = (
				4757E5C92D4E65FE00ECE881 /* Debug */,
				4757E5CA2D4E65FE00ECE881 /* Release */,
			);
			defaultConfigurationIsVisible = 0;
			defaultConfigurationName = Release;
		};
		4757E5CB2D4E65FE00ECE881 /* Build configuration list for PBXNativeTarget "Scrum HelperTests" */ = {
			isa = XCConfigurationList;
			buildConfigurations = (
				4757E5CC2D4E65FE00ECE881 /* Debug */,
				4757E5CD2D4E65FE00ECE881 /* Release */,
			);
			defaultConfigurationIsVisible = 0;
			defaultConfigurationName = Release;
		};
		4757E5CE2D4E65FE00ECE881 /* Build configuration list for PBXNativeTarget "Scrum HelperUITests" */ = {
			isa = XCConfigurationList;
			buildConfigurations = (
				4757E5CF2D4E65FE00ECE881 /* Debug */,
				4757E5D02D4E65FE00ECE881 /* Release */,
			);
			defaultConfigurationIsVisible = 0;
			defaultConfigurationName = Release;
		};
/* End XCConfigurationList section */
	};
	rootObject = 4757E5972D4E65FD00ECE881 /* Project object */;
}
